
Microsoft Visual Studio Solution File, Format Version 12.00
# Visual Studio Version 16
VisualStudioVersion = 16.0.29926.136
MinimumVisualStudioVersion = 10.0.40219.1
Project("{FAE04EC0-301F-11D3-BF4B-00C04F79EFBC}") = "Sushi-Restaurant", "Sushi-Restaurant.csproj", "{8151B825-90B2-4CC9-851F-8123D7664F93}"
EndProject
Global
	GlobalSection(SolutionConfigurationPlatforms) = preSolution
		Debug|Any CPU = Debug|Any CPU
		Release|Any CPU = Release|Any CPU
	EndGlobalSection
	GlobalSection(ProjectConfigurationPlatforms) = postSolution
		{8151B825-90B2-4CC9-851F-8123D7664F93}.Debug|Any CPU.ActiveCfg = Debug|Any CPU
		{8151B825-90B2-4CC9-851F-8123D7664F93}.Debug|Any CPU.Build.0 = Debug|Any CPU
		{8151B825-90B2-4CC9-851F-8123D7664F93}.Release|Any CPU.ActiveCfg = Release|Any CPU
		{8151B825-90B2-4CC9-851F-8123D7664F93}.Release|Any CPU.Build.0 = Release|Any CPU
	EndGlobalSection
	GlobalSection(SolutionProperties) = preSolution
		HideSolutionNode = FALSE
	EndGlobalSection
	GlobalSection(ExtensibilityGlobals) = postSolution
		SolutionGuid = {DD9A692B-6BD6-4C7D-A914-F4D7FCA90056}
	EndGlobalSection
EndGlobal
